
Microsoft Visual Studio Solution File, Format Version 12.00
# Visual Studio Version 16
VisualStudioVersion = 16.0.31019.35
MinimumVisualStudioVersion = 10.0.40219.1
Project("{9A19103F-16F7-4668-BE54-9A1E7A4F7556}") = "Eshop", "Eshop.csproj", "{83BBC23A-1335-417E-AC8B-7181C937CCD9}"
EndProject
Global
	GlobalSection(SolutionConfigurationPlatforms) = preSolution
		Debug|Any CPU = Debug|Any CPU
		Release|Any CPU = Release|Any CPU
	EndGlobalSection
	GlobalSection(ProjectConfigurationPlatforms) = postSolution
		{83BBC23A-1335-417E-AC8B-7181C937CCD9}.Debug|Any CPU.ActiveCfg = Debug|Any CPU
		{83BBC23A-1335-417E-AC8B-7181C937CCD9}.Debug|Any CPU.Build.0 = Debug|Any CPU
		{83BBC23A-1335-417E-AC8B-7181C937CCD9}.Release|Any CPU.ActiveCfg = Release|Any CPU
		{83BBC23A-1335-417E-AC8B-7181C937CCD9}.Release|Any CPU.Build.0 = Release|Any CPU
	EndGlobalSection
	GlobalSection(SolutionProperties) = preSolution
		HideSolutionNode = FALSE
	EndGlobalSection
	GlobalSection(ExtensibilityGlobals) = postSolution
		SolutionGuid = {9D72F172-2182-4049-9F33-702BD1C15AF9}
	EndGlobalSection
EndGlobal
